{
  "version": 1,
  "root": "trait-orbit-contracts",
  "rootVersion": "0.1.0",
  "entries": [
    {
      "name": "trait-orbit-contracts",
      "version": "0.1.0",
      "sourcePath": ".",
      "contentHash": "164523b5788331a2a2b013a3d24a8b81edc200751fb2f256dabeb979cc4d5d3e",
      "dependencies": {
        "agent-core": "deps/agent-core"
      },
      "sources": [
        {
          "path": "agents/builder.agent.ts",
          "contentHash": "eb6deaa60f1731465c2ed66a003d605d161f5041d97482cb785ba7e001c3fafd"
        },
        {
          "path": "agents/reviewer.agent.ts",
          "contentHash": "9d169bec1cb3d099fca31ef4d2e91daf19288092fd10c5d037e922841b468df1"
        },
        {
          "path": "agents/security-reviewer.agent.ts",
          "contentHash": "14a9ae0b4370807aae8eacbf4c406af2fd7680ce619f65acfa073907201b1563"
        },
        {
          "path": "identities/builder.identity.md",
          "contentHash": "9896fcca7f066f7f2c3b88341e4223c142b5f879cc30630514925c315a5aedf3"
        },
        {
          "path": "identities/reviewer.identity.md",
          "contentHash": "b8a28ca819c117ea56f663a56e0939733dfab8d546abb0ec4724f555cbb25773"
        },
        {
          "path": "orbits/delivery-contract.orbit.ts",
          "contentHash": "05fc05c2c35ad990a6601da4929b1d1462df54a891166f7b8146f3f8588bb542"
        },
        {
          "path": "tools/commit_work.tool.ts",
          "contentHash": "80574bd089bb3c70700193183453cfb095a5d5d377a18804f2b57812749fb906"
        },
        {
          "path": "tools/submit_review.tool.ts",
          "contentHash": "07f0936497285c470288176f226a2e1430d099f5ea754a5e9067c2eb4d039791"
        },
        {
          "path": "tools/submit_work.tool.ts",
          "contentHash": "5dd68450a1e0ab187f82453692e95a430dd2d6246c94f92666536290a72b3a47"
        },
        {
          "path": "traits/committable.trait.ts",
          "contentHash": "33761f8c3387b52019af4002c62430350ad7775ae7ad5a4c11df262e746b9cab"
        },
        {
          "path": "traits/reviewable.trait.ts",
          "contentHash": "9f2f2ef5d7b0160db132c475e4016ac8769d7a4db694ed022b52fc58a812691e"
        },
        {
          "path": "traits/self-assessing.trait.ts",
          "contentHash": "0a29dcb591aa31f1c2216d8dd28d43b35fc8d65001c1d4629806193e96945f9a"
        },
        {
          "path": "traits/submittable.trait.ts",
          "contentHash": "d1448e5b1fee5368aa0de1c2bd328e5576b237bfbfe148adb1d80c8b64c3d164"
        }
      ]
    },
    {
      "name": "agent-core",
      "version": "0.1.0",
      "sourcePath": "deps/agent-core",
      "contentHash": "81932da94501b6114f89a24283b158417f31b92d947cf04f30190e98ee140c01",
      "dependencies": {},
      "sources": [
        {
          "path": "deps/agent-core/modelspaces/default-models.modelspace.ts",
          "contentHash": "d0a5d8b5368d9f5f626b143d56130a05b1b8d99d36faedbec1786bb9cd6b4c90"
        },
        {
          "path": "deps/agent-core/skillspaces/global-skills.skillspace.ts",
          "contentHash": "79eb4c86a9d34e921d9a121297806f90b70e8a4a66290bedbbf08e79664f0109"
        },
        {
          "path": "deps/agent-core/toolspaces/workspace-tools.toolspace.ts",
          "contentHash": "b8b9b9895e91bc25a0b72e4d4d1bebc4d749c17253a7f9cca63abf7e379e7ba6"
        },
        {
          "path": "deps/agent-core/traits/beacon-practitioner.trait.ts",
          "contentHash": "f63858aba565123bacaaa5c695bd61f86f839d21835cdf46960ee6c524fee0c0"
        },
        {
          "path": "deps/agent-core/traits/core-engineering.trait.ts",
          "contentHash": "18cbaf02cfa47c06689afe23edc447066f11deb24bc861e17a18fa4bea76c520"
        },
        {
          "path": "deps/agent-core/traits/core-marketing.trait.ts",
          "contentHash": "c0e326bdcbe0806477d4b7501a844e8895f07fa2431a6e9305ba059fab962b51"
        },
        {
          "path": "deps/agent-core/traits/forge-practitioner.trait.ts",
          "contentHash": "da701b247315560fad7c1696d6aa749d6d3a70e6aafa56a1aa7e407229a8826c"
        },
        {
          "path": "deps/agent-core/traits/frontend-implementation.trait.ts",
          "contentHash": "d865891f5890bab9d180f9c0b68f1aac7a4e59295f180aec36350fad1e618504"
        },
        {
          "path": "deps/agent-core/traits/functional-thinking.trait.ts",
          "contentHash": "d5797a74909f8a46658b7d27b4c9ac48f2abaf552df0543cc24daf6abfcf7230"
        },
        {
          "path": "deps/agent-core/traits/media-generation-practice.trait.ts",
          "contentHash": "27eb1bbed568e340a5b816f8ff0cfde5c0e4d58006907753c92dc456a60bd100"
        },
        {
          "path": "deps/agent-core/traits/research-practice.trait.ts",
          "contentHash": "7c7ba35e0bf31b0ba3069fcd5c55313867b1aaf9c415ba306ba1f57f3cf43340"
        },
        {
          "path": "deps/agent-core/traits/scribe-practitioner.trait.ts",
          "contentHash": "dc5811ce9944d18c35b658b657a2ce03ebbc5a4f0413297b79b3850100f3830e"
        },
        {
          "path": "deps/agent-core/traits/survey-practitioner.trait.ts",
          "contentHash": "614dcdb8b5218736ec2397ae16adbea0fd3b2ceffa7c637255ed1c05bf567bd3"
        },
        {
          "path": "deps/agent-core/traits/writing-and-publishing.trait.ts",
          "contentHash": "f612121e7d904b526b1a73fe6248c1031e7530ecf9b784faf0c0e28deb4f5ceb"
        }
      ]
    }
  ],
  "generatedAt": "2026-07-14T03:40:44.458Z"
}