{
  "version": 1,
  "root": "prism-harness-qa",
  "rootVersion": "0.1.0",
  "entries": [
    {
      "name": "prism-harness-qa",
      "version": "0.1.0",
      "sourcePath": ".",
      "contentHash": "47b9f5a43defad3df61914dd9b7fdb5dd35471e75082ae98ea2319aa80764258",
      "dependencies": {},
      "sources": [
        {
          "path": "agents/qa-tester.agent.ts",
          "contentHash": "11b2f87e97380cced9fef32839582fb116c81c5c2cb1afaa3d4cce452b9c3233"
        },
        {
          "path": "hooks/session-start.hook.ts",
          "contentHash": "f1ea8279a0fa85572688cd715df07c3891a7a0e5125ca5f9474371ad581390b2"
        },
        {
          "path": "identities/qa-tester.identity.md",
          "contentHash": "6f8fcca6501cb5380d7419babdc0798201bf374ac4ed0249eabcfbee9d0d24a6"
        },
        {
          "path": "modelspaces/qa-models.modelspace.ts",
          "contentHash": "d6d1fc43dc03929c8844b9acd9a264085c37816d357845e8fb1a35c5a4df233c"
        },
        {
          "path": "skills/qa-helper/SKILL.md",
          "contentHash": "3a8325256380a2072fab988ad4e25fa8e54123636b46c462d17c0cf61f0ed40a"
        },
        {
          "path": "sops/qa-sop.sop.ts",
          "contentHash": "7f2a65f36b41933f943294ac26d0d1fae9fa08d26793e8808d055802ffe7e91c"
        },
        {
          "path": "tools/challenge_echo.tool.ts",
          "contentHash": "8eb74537e3129e46645e050a285a796d073d8af6b363360bcd316d0a764dcbd6"
        }
      ]
    }
  ],
  "generatedAt": "2026-09-11T07:30:56.377Z"
}