{
  "version": 1,
  "root": "prism-harness-qa",
  "rootVersion": "0.1.0",
  "entries": [
    {
      "name": "prism-harness-qa",
      "version": "0.1.0",
      "sourcePath": ".",
      "contentHash": "328523561f63267a6f79f0ef249116ecdfe32069baec5cffd4baee2cde1a6cc5",
      "dependencies": {},
      "sources": [
        {
          "path": "agents/qa-tester.agent.ts",
          "contentHash": "5597f9a1b6dae54aded3f11f2e220a137a3cf1e9fefe6e198b2659b5a553e7ca"
        },
        {
          "path": "identities/qa-tester.identity.md",
          "contentHash": "6f8fcca6501cb5380d7419babdc0798201bf374ac4ed0249eabcfbee9d0d24a6"
        },
        {
          "path": "modelspaces/qa-models.modelspace.ts",
          "contentHash": "a12ff2ce8e0327682c522e494a79d46e831cdc317eb9fc03baebb832a2a3d028"
        },
        {
          "path": "orbits/qa-orbit.orbit.ts",
          "contentHash": "2d40a3c989aca76c24ff2d87677282fcb82c3445524fb7c276321896957a2b53"
        },
        {
          "path": "skills/qa-helper/SKILL.md",
          "contentHash": "3a8325256380a2072fab988ad4e25fa8e54123636b46c462d17c0cf61f0ed40a"
        },
        {
          "path": "traits/qa-capable.trait.ts",
          "contentHash": "3a2711682d2d11c8ca2affebcd202d86cd94db8af7e2efda849c675643c15e71"
        }
      ]
    }
  ],
  "generatedAt": "2026-07-10T01:36:46.939Z"
}