{
  "version": 1,
  "root": "prism-harness-qa",
  "rootVersion": "0.1.0",
  "entries": [
    {
      "name": "prism-harness-qa",
      "version": "0.1.0",
      "sourcePath": ".",
      "contentHash": "c25f1a63ebf7450ccb6d90fd5668f69fc0354692f555de0c55afb1a8633518a2",
      "dependencies": {},
      "sources": [
        {
          "path": "agents/qa-tester.agent.ts",
          "contentHash": "2855d5c7f87c24388a6bccc2771dc512c857ee83b5e4f966b928e903529d4f62"
        },
        {
          "path": "identities/qa-tester.identity.md",
          "contentHash": "6f8fcca6501cb5380d7419babdc0798201bf374ac4ed0249eabcfbee9d0d24a6"
        },
        {
          "path": "modelspaces/qa-models.modelspace.ts",
          "contentHash": "da6748c8f1fab43bc04b49a519147e4238648c9b7745d4a4c63b3bebe5a0c5a4"
        },
        {
          "path": "orbits/qa-orbit.orbit.ts",
          "contentHash": "188a4044017a7b58696375386ff900ec0f4c0a6ec2de8b7c7b5bd417880ebf34"
        },
        {
          "path": "skills/qa-helper/SKILL.md",
          "contentHash": "3a8325256380a2072fab988ad4e25fa8e54123636b46c462d17c0cf61f0ed40a"
        },
        {
          "path": "traits/qa-capable.trait.ts",
          "contentHash": "5902d2a859e5bf4c198a4c67528e3ae40bec9b823ddbbf74e6e1c364f05cf153"
        }
      ]
    }
  ],
  "generatedAt": "2026-06-20T06:14:26.926Z"
}